Microsoft Visual Studio Solution File, Format Version 12.00
# Visual Studio Version 17
VisualStudioVersion = 17.5.2.0
MinimumVisualStudioVersion = 10.0.40219.1
Project("{FAE04EC0-301F-11D3-BF4B-00C04F79EFBC}") = "QuanLyNhanVien", "QuanLyNhanVien\QuanLyNhanVien.csproj", "{31A7EDDD-2981-3EB8-443E-3615F1F7D36E}"
EndProject
Global
	GlobalSection(SolutionConfigurationPlatforms) = preSolution
		Debug|Any CPU = Debug|Any CPU
		Release|Any CPU = Release|Any CPU
	EndGlobalSection
	GlobalSection(ProjectConfigurationPlatforms) = postSolution
		{31A7EDDD-2981-3EB8-443E-3615F1F7D36E}.Debug|Any CPU.ActiveCfg = Debug|Any CPU
		{31A7EDDD-2981-3EB8-443E-3615F1F7D36E}.Debug|Any CPU.Build.0 = Debug|Any CPU
		{31A7EDDD-2981-3EB8-443E-3615F1F7D36E}.Release|Any CPU.ActiveCfg = Release|Any CPU
		{31A7EDDD-2981-3EB8-443E-3615F1F7D36E}.Release|Any CPU.Build.0 = Release|Any CPU
	EndGlobalSection
	GlobalSection(SolutionProperties) = preSolution
		HideSolutionNode = FALSE
	EndGlobalSection
	GlobalSection(ExtensibilityGlobals) = postSolution
		SolutionGuid = {78EF0D05-EA1A-4B7C-A9C3-98139BCD12ED}
	EndGlobalSection
EndGlobal
